
Microsoft Visual Studio Solution File, Format Version 12.00
# Visual Studio 2012
Project("{f2a71f9b-5d33-465a-a702-920d77279786}") = "SwaggerIssue101", "src\SwaggerIssue101\SwaggerIssue101.fsproj", "{81DC3470-9690-42E2-9708-F6B0E2013CA1}"
EndProject
Global
	GlobalSection(SolutionConfigurationPlatforms) = preSolution
		Debug|x86 = Debug|x86
		Release|x86 = Release|x86
	EndGlobalSection
	GlobalSection(ProjectConfigurationPlatforms) = postSolution
		{81DC3470-9690-42E2-9708-F6B0E2013CA1}.Debug|x86.ActiveCfg = Debug|x86
		{81DC3470-9690-42E2-9708-F6B0E2013CA1}.Debug|x86.Build.0 = Debug|x86
		{81DC3470-9690-42E2-9708-F6B0E2013CA1}.Release|x86.ActiveCfg = Release|x86
		{81DC3470-9690-42E2-9708-F6B0E2013CA1}.Release|x86.Build.0 = Release|x86
	EndGlobalSection
EndGlobal
